
Microsoft Visual Studio Solution File, Format Version 12.00
# Visual Studio Version 16
VisualStudioVersion = 16.0.30711.63
MinimumVisualStudioVersion = 10.0.40219.1
Project("{FAE04EC0-301F-11D3-BF4B-00C04F79EFBC}") = "CGSSPacketDecryptor", "CGSSPacketDecryptor.csproj", "{5C163C32-38FC-49ED-8693-A5741C9A364C}"
EndProject
Global
	GlobalSection(SolutionConfigurationPlatforms) = preSolution
		Debug|Any CPU = Debug|Any CPU
		Release|Any CPU = Release|Any CPU
	EndGlobalSection
	GlobalSection(ProjectConfigurationPlatforms) = postSolution
		{5C163C32-38FC-49ED-8693-A5741C9A364C}.Debug|Any CPU.ActiveCfg = Debug|Any CPU
		{5C163C32-38FC-49ED-8693-A5741C9A364C}.Debug|Any CPU.Build.0 = Debug|Any CPU
		{5C163C32-38FC-49ED-8693-A5741C9A364C}.Release|Any CPU.ActiveCfg = Release|Any CPU
		{5C163C32-38FC-49ED-8693-A5741C9A364C}.Release|Any CPU.Build.0 = Release|Any CPU
	EndGlobalSection
	GlobalSection(SolutionProperties) = preSolution
		HideSolutionNode = FALSE
	EndGlobalSection
	GlobalSection(ExtensibilityGlobals) = postSolution
		SolutionGuid = {282C0A5F-DE94-4F10-8964-F1C19BDF42E9}
	EndGlobalSection
EndGlobal
